// !$*UTF8*$!
{
	archiveVersion = 1;
	classes = {
	};
	objectVersion = 50;
	objects = {

/* Begin PBXBuildFile section */
		2469B225208E5755009F2856 /* Interactor.swift in Sources */ = {isa = PBXBuildFile; fileRef = 2469B221208E5755009F2856 /* Interactor.swift */; };
		2469B226208E5755009F2856 /* Navigator.swift in Sources */ = {isa = PBXBuildFile; fileRef = 2469B222208E5755009F2856 /* Navigator.swift */; };
		2469B227208E5755009F2856 /* Presenter.swift in Sources */ = {isa = PBXBuildFile; fileRef = 2469B223208E5755009F2856 /* Presenter.swift */; };
		2469B228208E5755009F2856 /* ObservableType+Compose.swift in Sources */ = {isa = PBXBuildFile; fileRef = 2469B224208E5755009F2856 /* ObservableType+Compose.swift */; };
		24B8D90D2092061600577834 /* MviViewController.swift in Sources */ = {isa = PBXBuildFile; fileRef = 24B8D90C2092061600577834 /* MviViewController.swift */; };
		24F0F0FD2095CC4A00E4D087 /* OneShot.swift in Sources */ = {isa = PBXBuildFile; fileRef = 24F0F0FC2095CC4A00E4D087 /* OneShot.swift */; };
		5E42A668B87DC8732CE6349F /* Pods_iosmvi.framework in Frameworks */ = {isa = PBXBuildFile; fileRef = 1E8BD3FD6791C03DE4575CFB /* Pods_iosmvi.framework */; };
/* End PBXBuildFile section */

/* Begin PBXFileReference section */
		1E8BD3FD6791C03DE4575CFB /* Pods_iosmvi.framework */ = {isa = PBXFileReference; explicitFileType = wrapper.framework; includeInIndex = 0; path = Pods_iosmvi.framework; sourceTree = BUILT_PRODUCTS_DIR; };
		2469B216208E5533009F2856 /* iosmvi.framework */ = {isa = PBXFileReference; explicitFileType = wrapper.framework; includeInIndex = 0; path = iosmvi.framework; sourceTree = BUILT_PRODUCTS_DIR; };
		2469B21A208E5533009F2856 /* Info.plist */ = {isa = PBXFileReference; lastKnownFileType = text.plist.xml; path = Info.plist; sourceTree = "<group>"; };
		2469B221208E5755009F2856 /* Interactor.swift */ = {isa = PBXFileReference; fileEncoding = 4; lastKnownFileType = sourcecode.swift; path = Interactor.swift; sourceTree = "<group>"; };
		2469B222208E5755009F2856 /* Navigator.swift */ = {isa = PBXFileReference; fileEncoding = 4; lastKnownFileType = sourcecode.swift; path = Navigator.swift; sourceTree = "<group>"; };
		2469B223208E5755009F2856 /* Presenter.swift */ = {isa = PBXFileReference; fileEncoding = 4; lastKnownFileType = sourcecode.swift; path = Presenter.swift; sourceTree = "<group>"; };
		2469B224208E5755009F2856 /* ObservableType+Compose.swift */ = {isa = PBXFileReference; fileEncoding = 4; lastKnownFileType = sourcecode.swift; path = "ObservableType+Compose.swift"; sourceTree = "<group>"; };
		24B8D90C2092061600577834 /* MviViewController.swift */ = {isa = PBXFileReference; lastKnownFileType = sourcecode.swift; path = MviViewController.swift; sourceTree = "<group>"; };
		24F0F0FC2095CC4A00E4D087 /* OneShot.swift */ = {isa = PBXFileReference; fileEncoding = 4; lastKnownFileType = sourcecode.swift; path = OneShot.swift; sourceTree = "<group>"; };
		27DAFE160DDABA0D46793AA1 /* Pods-iosmvi.release.xcconfig */ = {isa = PBXFileReference; includeInIndex = 1; lastKnownFileType = text.xcconfig; name = "Pods-iosmvi.release.xcconfig"; path = "Pods/Target Support Files/Pods-iosmvi/Pods-iosmvi.release.xcconfig"; sourceTree = "<group>"; };
		C9290F08E105AC38C2610129 /* Pods-iosmvi.debug.xcconfig */ = {isa = PBXFileReference; includeInIndex = 1; lastKnownFileType = text.xcconfig; name = "Pods-iosmvi.debug.xcconfig"; path = "Pods/Target Support Files/Pods-iosmvi/Pods-iosmvi.debug.xcconfig"; sourceTree = "<group>"; };
/* End PBXFileReference section */

/* Begin PBXFrameworksBuildPhase section */
		2469B212208E5533009F2856 /* Frameworks */ = {
			isa = PBXFrameworksBuildPhase;
			buildActionMask = 2147483647;
			files = (
				5E42A668B87DC8732CE6349F /* Pods_iosmvi.framework in Frameworks */,
			);
			runOnlyForDeploymentPostprocessing = 0;
		};
/* End PBXFrameworksBuildPhase section */

/* Begin PBXGroup section */
		020B642DF2F8357DEDB88801 /* Frameworks */ = {
			isa = PBXGroup;
			children = (
				1E8BD3FD6791C03DE4575CFB /* Pods_iosmvi.framework */,
			);
			name = Frameworks;
			sourceTree = "<group>";
		};
		2469B20C208E5533009F2856 = {
			isa = PBXGroup;
			children = (
				2469B218208E5533009F2856 /* iosmvi */,
				2469B217208E5533009F2856 /* Products */,
				EE9B3D28FE2B0C69E3D02280 /* Pods */,
				020B642DF2F8357DEDB88801 /* Frameworks */,
			);
			sourceTree = "<group>";
		};
		2469B217208E5533009F2856 /* Products */ = {
			isa = PBXGroup;
			children = (
				2469B216208E5533009F2856 /* iosmvi.framework */,
			);
			name = Products;
			sourceTree = "<group>";
		};
		2469B218208E5533009F2856 /* iosmvi */ = {
			isa = PBXGroup;
			children = (
				2469B221208E5755009F2856 /* Interactor.swift */,
				2469B222208E5755009F2856 /* Navigator.swift */,
				2469B224208E5755009F2856 /* ObservableType+Compose.swift */,
				2469B223208E5755009F2856 /* Presenter.swift */,
				24F0F0FC2095CC4A00E4D087 /* OneShot.swift */,
				2469B21A208E5533009F2856 /* Info.plist */,
				24B8D90C2092061600577834 /* MviViewController.swift */,
			);
			path = iosmvi;
			sourceTree = "<group>";
		};
		EE9B3D28FE2B0C69E3D02280 /* Pods */ = {
			isa = PBXGroup;
			children = (
				C9290F08E105AC38C2610129 /* Pods-iosmvi.debug.xcconfig */,
				27DAFE160DDABA0D46793AA1 /* Pods-iosmvi.release.xcconfig */,
			);
			name = Pods;
			sourceTree = "<group>";
		};
/* End PBXGroup section */

/* Begin PBXHeadersBuildPhase section */
		2469B213208E5533009F2856 /* Headers */ = {
			isa = PBXHeadersBuildPhase;
			buildActionMask = 2147483647;
			files = (
			);
			runOnlyForDeploymentPostprocessing = 0;
		};
/* End PBXHeadersBuildPhase section */

/* Begin PBXNativeTarget section */
		2469B215208E5533009F2856 /* iosmvi */ = {
			isa = PBXNativeTarget;
			buildConfigurationList = 2469B21E208E5533009F2856 /* Build configuration list for PBXNativeTarget "iosmvi" */;
			buildPhases = (
				0EFAC2040717C5CA5B64DF3C /* [CP] Check Pods Manifest.lock */,
				2469B211208E5533009F2856 /* Sources */,
				2469B212208E5533009F2856 /* Frameworks */,
				2469B213208E5533009F2856 /* Headers */,
				2469B214208E5533009F2856 /* Resources */,
			);
			buildRules = (
			);
			dependencies = (
			);
			name = iosmvi;
			productName = iosmvi;
			productReference = 2469B216208E5533009F2856 /* iosmvi.framework */;
			productType = "com.apple.product-type.framework";
		};
/* End PBXNativeTarget section */

/* Begin PBXProject section */
		2469B20D208E5533009F2856 /* Project object */ = {
			isa = PBXProject;
			attributes = {
				LastUpgradeCheck = 0930;
				ORGANIZATIONNAME = Oleksii.Kuropiatnyk;
				TargetAttributes = {
					2469B215208E5533009F2856 = {
						CreatedOnToolsVersion = 9.3;
						LastSwiftMigration = 0930;
					};
				};
			};
			buildConfigurationList = 2469B210208E5533009F2856 /* Build configuration list for PBXProject "iosmvi" */;
			compatibilityVersion = "Xcode 9.3";
			developmentRegion = en;
			hasScannedForEncodings = 0;
			knownRegions = (
				en,
			);
			mainGroup = 2469B20C208E5533009F2856;
			productRefGroup = 2469B217208E5533009F2856 /* Products */;
			projectDirPath = "";
			projectRoot = "";
			targets = (
				2469B215208E5533009F2856 /* iosmvi */,
			);
		};
/* End PBXProject section */

/* Begin PBXResourcesBuildPhase section */
		2469B214208E5533009F2856 /* Resources */ = {
			isa = PBXResourcesBuildPhase;
			buildActionMask = 2147483647;
			files = (
			);
			runOnlyForDeploymentPostprocessing = 0;
		};
/* End PBXResourcesBuildPhase section */

/* Begin PBXShellScriptBuildPhase section */
		0EFAC2040717C5CA5B64DF3C /* [CP] Check Pods Manifest.lock */ = {
			isa = PBXShellScriptBuildPhase;
			buildActionMask = 2147483647;
			files = (
			);
			inputPaths = (
				"${PODS_PODFILE_DIR_PATH}/Podfile.lock",
				"${PODS_ROOT}/Manifest.lock",
			);
			name = "[CP] Check Pods Manifest.lock";
			outputPaths = (
				"$(DERIVED_FILE_DIR)/Pods-iosmvi-checkManifestLockResult.txt",
			);
			runOnlyForDeploymentPostprocessing = 0;
			shellPath = /bin/sh;
			shellScript = "diff \"${PODS_PODFILE_DIR_PATH}/Podfile.lock\" \"${PODS_ROOT}/Manifest.lock\" > /dev/null\nif [ $? != 0 ] ; then\n    # print error to STDERR\n    echo \"error: The sandbox is not in sync with the Podfile.lock. Run 'pod install' or update your CocoaPods installation.\" >&2\n    exit 1\nfi\n# This output is used by Xcode 'outputs' to avoid re-running this script phase.\necho \"SUCCESS\" > \"${SCRIPT_OUTPUT_FILE_0}\"\n";
			showEnvVarsInLog = 0;
		};
/* End PBXShellScriptBuildPhase section */

/* Begin PBXSourcesBuildPhase section */
		2469B211208E5533009F2856 /* Sources */ = {
			isa = PBXSourcesBuildPhase;
			buildActionMask = 2147483647;
			files = (
				24F0F0FD2095CC4A00E4D087 /* OneShot.swift in Sources */,
				2469B227208E5755009F2856 /* Presenter.swift in Sources */,
				2469B225208E5755009F2856 /* Interactor.swift in Sources */,
				2469B226208E5755009F2856 /* Navigator.swift in Sources */,
				24B8D90D2092061600577834 /* MviViewController.swift in Sources */,
				2469B228208E5755009F2856 /* ObservableType+Compose.swift in Sources */,
			);
			runOnlyForDeploymentPostprocessing = 0;
		};
/* End PBXSourcesBuildPhase section */

/* Begin XCBuildConfiguration section */
		2469B21C208E5533009F2856 /* Debug */ = {
			isa = XCBuildConfiguration;
			buildSettings = {
				ALWAYS_SEARCH_USER_PATHS = NO;
				CLANG_ANALYZER_NONNULL = YES;
				CLANG_ANALYZER_NUMBER_OBJECT_CONVERSION = YES_AGGRESSIVE;
				CLANG_CXX_LANGUAGE_STANDARD = "gnu++14";
				CLANG_CXX_LIBRARY = "libc++";
				CLANG_ENABLE_MODULES = YES;
				CLANG_ENABLE_OBJC_ARC = YES;
				CLANG_ENABLE_OBJC_WEAK = YES;
				CLANG_WARN_BLOCK_CAPTURE_AUTORELEASING = YES;
				CLANG_WARN_BOOL_CONVERSION = YES;
				CLANG_WARN_COMMA = YES;
				CLANG_WARN_CONSTANT_CONVERSION = YES;
				CLANG_WARN_DEPRECATED_OBJC_IMPLEMENTATIONS = YES;
				CLANG_WARN_DIRECT_OBJC_ISA_USAGE = YES_ERROR;
				CLANG_WARN_DOCUMENTATION_COMMENTS = YES;
				CLANG_WARN_EMPTY_BODY = YES;
				CLANG_WARN_ENUM_CONVERSION = YES;
				CLANG_WARN_INFINITE_RECURSION = YES;
				CLANG_WARN_INT_CONVERSION = YES;
				CLANG_WARN_NON_LITERAL_NULL_CONVERSION = YES;
				CLANG_WARN_OBJC_IMPLICIT_RETAIN_SELF = YES;
				CLANG_WARN_OBJC_LITERAL_CONVERSION = YES;
				CLANG_WARN_OBJC_ROOT_CLASS = YES_ERROR;
				CLANG_WARN_RANGE_LOOP_ANALYSIS = YES;
				CLANG_WARN_STRICT_PROTOTYPES = YES;
				CLANG_WARN_SUSPICIOUS_MOVE = YES;
				CLANG_WARN_UNGUARDED_AVAILABILITY = YES_AGGRESSIVE;
				CLANG_WARN_UNREACHABLE_CODE = YES;
				CLANG_WARN__DUPLICATE_METHOD_MATCH = YES;
				CODE_SIGN_IDENTITY = "iPhone Developer";
				COPY_PHASE_STRIP = NO;
				CURRENT_PROJECT_VERSION = 1;
				DEBUG_INFORMATION_FORMAT = dwarf;
				ENABLE_STRICT_OBJC_MSGSEND = YES;
				ENABLE_TESTABILITY = YES;
				GCC_C_LANGUAGE_STANDARD = gnu11;
				GCC_DYNAMIC_NO_PIC = NO;
				GCC_NO_COMMON_BLOCKS = YES;
				GCC_OPTIMIZATION_LEVEL = 0;
				GCC_PREPROCESSOR_DEFINITIONS = (
					"DEBUG=1",
					"$(inherited)",
				);
				GCC_WARN_64_TO_32_BIT_CONVERSION = YES;
				GCC_WARN_ABOUT_RETURN_TYPE = YES_ERROR;
				GCC_WARN_UNDECLARED_SELECTOR = YES;
				GCC_WARN_UNINITIALIZED_AUTOS = YES_AGGRESSIVE;
				GCC_WARN_UNUSED_FUNCTION = YES;
				GCC_WARN_UNUSED_VARIABLE = YES;
				IPHONEOS_DEPLOYMENT_TARGET = 11.3;
				MTL_ENABLE_DEBUG_INFO = YES;
				ONLY_ACTIVE_ARCH = YES;
				SDKROOT = iphoneos;
				SWIFT_ACTIVE_COMPILATION_CONDITIONS = DEBUG;
				SWIFT_OPTIMIZATION_LEVEL = "-Onone";
				VERSIONING_SYSTEM = "apple-generic";
				VERSION_INFO_PREFIX = "";
			};
			name = Debug;
		};
		2469B21D208E5533009F2856 /* Release */ = {
			isa = XCBuildConfiguration;
			buildSettings = {
				ALWAYS_SEARCH_USER_PATHS = NO;
				CLANG_ANALYZER_NONNULL = YES;
				CLANG_ANALYZER_NUMBER_OBJECT_CONVERSION = YES_AGGRESSIVE;
				CLANG_CXX_LANGUAGE_STANDARD = "gnu++14";
				CLANG_CXX_LIBRARY = "libc++";
				CLANG_ENABLE_MODULES = YES;
				CLANG_ENABLE_OBJC_ARC = YES;
				CLANG_ENABLE_OBJC_WEAK = YES;
				CLANG_WARN_BLOCK_CAPTURE_AUTORELEASING = YES;
				CLANG_WARN_BOOL_CONVERSION = YES;
				CLANG_WARN_COMMA = YES;
				CLANG_WARN_CONSTANT_CONVERSION = YES;
				CLANG_WARN_DEPRECATED_OBJC_IMPLEMENTATIONS = YES;
				CLANG_WARN_DIRECT_OBJC_ISA_USAGE = YES_ERROR;
				CLANG_WARN_DOCUMENTATION_COMMENTS = YES;
				CLANG_WARN_EMPTY_BODY = YES;
				CLANG_WARN_ENUM_CONVERSION = YES;
				CLANG_WARN_INFINITE_RECURSION = YES;
				CLANG_WARN_INT_CONVERSION = YES;
				CLANG_WARN_NON_LITERAL_NULL_CONVERSION = YES;
				CLANG_WARN_OBJC_IMPLICIT_RETAIN_SELF = YES;
				CLANG_WARN_OBJC_LITERAL_CONVERSION = YES;
				CLANG_WARN_OBJC_ROOT_CLASS = YES_ERROR;
				CLANG_WARN_RANGE_LOOP_ANALYSIS = YES;
				CLANG_WARN_STRICT_PROTOTYPES = YES;
				CLANG_WARN_SUSPICIOUS_MOVE = YES;
				CLANG_WARN_UNGUARDED_AVAILABILITY = YES_AGGRESSIVE;
				CLANG_WARN_UNREACHABLE_CODE = YES;
				CLANG_WARN__DUPLICATE_METHOD_MATCH = YES;
				CODE_SIGN_IDENTITY = "iPhone Developer";
				COPY_PHASE_STRIP = NO;
				CURRENT_PROJECT_VERSION = 1;
				DEBUG_INFORMATION_FORMAT = "dwarf-with-dsym";
				ENABLE_NS_ASSERTIONS = NO;
				ENABLE_STRICT_OBJC_MSGSEND = YES;
				GCC_C_LANGUAGE_STANDARD = gnu11;
				GCC_NO_COMMON_BLOCKS = YES;
				GCC_WARN_64_TO_32_BIT_CONVERSION = YES;
				GCC_WARN_ABOUT_RETURN_TYPE = YES_ERROR;
				GCC_WARN_UNDECLARED_SELECTOR = YES;
				GCC_WARN_UNINITIALIZED_AUTOS = YES_AGGRESSIVE;
				GCC_WARN_UNUSED_FUNCTION = YES;
				GCC_WARN_UNUSED_VARIABLE = YES;
				IPHONEOS_DEPLOYMENT_TARGET = 11.3;
				MTL_ENABLE_DEBUG_INFO = NO;
				SDKROOT = iphoneos;
				SWIFT_COMPILATION_MODE = wholemodule;
				SWIFT_OPTIMIZATION_LEVEL = "-O";
				VALIDATE_PRODUCT = YES;
				VERSIONING_SYSTEM = "apple-generic";
				VERSION_INFO_PREFIX = "";
			};
			name = Release;
		};
		2469B21F208E5533009F2856 /* Debug */ = {
			isa = XCBuildConfiguration;
			baseConfigurationReference = C9290F08E105AC38C2610129 /* Pods-iosmvi.debug.xcconfig */;
			buildSettings = {
				CLANG_ENABLE_MODULES = YES;
				CODE_SIGN_IDENTITY = "";
				CODE_SIGN_STYLE = Automatic;
				DEFINES_MODULE = YES;
				DYLIB_COMPATIBILITY_VERSION = 1;
				DYLIB_CURRENT_VERSION = 1;
				DYLIB_INSTALL_NAME_BASE = "@rpath";
				INFOPLIST_FILE = iosmvi/Info.plist;
				INSTALL_PATH = "$(LOCAL_LIBRARY_DIR)/Frameworks";
				IPHONEOS_DEPLOYMENT_TARGET = 10.0;
				LD_RUNPATH_SEARCH_PATHS = (
					"$(inherited)",
					"@executable_path/Frameworks",
					"@loader_path/Frameworks",
				);
				PRODUCT_BUNDLE_IDENTIFIER = com.alkurop.iosmvi;
				PRODUCT_NAME = "$(TARGET_NAME:c99extidentifier)";
				SKIP_INSTALL = YES;
				SWIFT_OPTIMIZATION_LEVEL = "-Onone";
				SWIFT_VERSION = 4.0;
				TARGETED_DEVICE_FAMILY = "1,2";
			};
			name = Debug;
		};
		2469B220208E5533009F2856 /* Release */ = {
			isa = XCBuildConfiguration;
			baseConfigurationReference = 27DAFE160DDABA0D46793AA1 /* Pods-iosmvi.release.xcconfig */;
			buildSettings = {
				CLANG_ENABLE_MODULES = YES;
				CODE_SIGN_IDENTITY = "";
				CODE_SIGN_STYLE = Automatic;
				DEFINES_MODULE = YES;
				DYLIB_COMPATIBILITY_VERSION = 1;
				DYLIB_CURRENT_VERSION = 1;
				DYLIB_INSTALL_NAME_BASE = "@rpath";
				INFOPLIST_FILE = iosmvi/Info.plist;
				INSTALL_PATH = "$(LOCAL_LIBRARY_DIR)/Frameworks";
				IPHONEOS_DEPLOYMENT_TARGET = 10.0;
				LD_RUNPATH_SEARCH_PATHS = (
					"$(inherited)",
					"@executable_path/Frameworks",
					"@loader_path/Frameworks",
				);
				PRODUCT_BUNDLE_IDENTIFIER = com.alkurop.iosmvi;
				PRODUCT_NAME = "$(TARGET_NAME:c99extidentifier)";
				SKIP_INSTALL = YES;
				SWIFT_VERSION = 4.0;
				TARGETED_DEVICE_FAMILY = "1,2";
			};
			name = Release;
		};
/* End XCBuildConfiguration section */

/* Begin XCConfigurationList section */
		2469B210208E5533009F2856 /* Build configuration list for PBXProject "iosmvi" */ = {
			isa = XCConfigurationList;
			buildConfigurations = (
				2469B21C208E5533009F2856 /* Debug */,
				2469B21D208E5533009F2856 /* Release */,
			);
			defaultConfigurationIsVisible = 0;
			defaultConfigurationName = Release;
		};
		2469B21E208E5533009F2856 /* Build configuration list for PBXNativeTarget "iosmvi" */ = {
			isa = XCConfigurationList;
			buildConfigurations = (
				2469B21F208E5533009F2856 /* Debug */,
				2469B220208E5533009F2856 /* Release */,
			);
			defaultConfigurationIsVisible = 0;
			defaultConfigurationName = Release;
		};
/* End XCConfigurationList section */
	};
	rootObject = 2469B20D208E5533009F2856 /* Project object */;
}
