// !$*UTF8*$!
{
	archiveVersion = 1;
	classes = {
	};
	objectVersion = 50;
	objects = {

/* Begin PBXBuildFile section */
		4364488620A9FF5800D7F874 /* AppDelegate.swift in Sources */ = {isa = PBXBuildFile; fileRef = 4364488520A9FF5800D7F874 /* AppDelegate.swift */; };
		4364488820A9FF5800D7F874 /* ScreenOneVC.swift in Sources */ = {isa = PBXBuildFile; fileRef = 4364488720A9FF5800D7F874 /* ScreenOneVC.swift */; };
		4364488D20A9FF5800D7F874 /* Assets.xcassets in Resources */ = {isa = PBXBuildFile; fileRef = 4364488C20A9FF5800D7F874 /* Assets.xcassets */; };
		4364489020A9FF5800D7F874 /* LaunchScreen.storyboard in Resources */ = {isa = PBXBuildFile; fileRef = 4364488E20A9FF5800D7F874 /* LaunchScreen.storyboard */; };
		43BB7A9D20AA067300B72774 /* iosmvi.framework in Frameworks */ = {isa = PBXBuildFile; fileRef = 43BB7A9C20AA067300B72774 /* iosmvi.framework */; };
		43BB7AAB20AA069900B72774 /* ScreenOne.xib in Resources */ = {isa = PBXBuildFile; fileRef = 43BB7AAA20AA069900B72774 /* ScreenOne.xib */; };
		43BB7AAD20AA075B00B72774 /* ScreenTwoVC.swift in Sources */ = {isa = PBXBuildFile; fileRef = 43BB7AAC20AA075B00B72774 /* ScreenTwoVC.swift */; };
		43BB7AAF20AA077A00B72774 /* ScreenTwo.xib in Resources */ = {isa = PBXBuildFile; fileRef = 43BB7AAE20AA077A00B72774 /* ScreenTwo.xib */; };
		5AECE5D80AA3483585DBC56B /* Pods_demo.framework in Frameworks */ = {isa = PBXBuildFile; fileRef = C4FE941A31E9A1E173091718 /* Pods_demo.framework */; };
/* End PBXBuildFile section */

/* Begin PBXFileReference section */
		27F4625DC87E4FA1EB6ADB03 /* Pods-demo.debug.xcconfig */ = {isa = PBXFileReference; includeInIndex = 1; lastKnownFileType = text.xcconfig; name = "Pods-demo.debug.xcconfig"; path = "../Pods/Target Support Files/Pods-demo/Pods-demo.debug.xcconfig"; sourceTree = "<group>"; };
		4303558520AA007E00C4B282 /* iosmvi.framework */ = {isa = PBXFileReference; explicitFileType = wrapper.framework; path = iosmvi.framework; sourceTree = BUILT_PRODUCTS_DIR; };
		4364488220A9FF5800D7F874 /* demo.app */ = {isa = PBXFileReference; explicitFileType = wrapper.application; includeInIndex = 0; path = demo.app; sourceTree = BUILT_PRODUCTS_DIR; };
		4364488520A9FF5800D7F874 /* AppDelegate.swift */ = {isa = PBXFileReference; lastKnownFileType = sourcecode.swift; path = AppDelegate.swift; sourceTree = "<group>"; };
		4364488720A9FF5800D7F874 /* ScreenOneVC.swift */ = {isa = PBXFileReference; lastKnownFileType = sourcecode.swift; path = ScreenOneVC.swift; sourceTree = "<group>"; };
		4364488C20A9FF5800D7F874 /* Assets.xcassets */ = {isa = PBXFileReference; lastKnownFileType = folder.assetcatalog; path = Assets.xcassets; sourceTree = "<group>"; };
		4364488F20A9FF5800D7F874 /* Base */ = {isa = PBXFileReference; lastKnownFileType = file.storyboard; name = Base; path = Base.lproj/LaunchScreen.storyboard; sourceTree = "<group>"; };
		4364489120A9FF5800D7F874 /* Info.plist */ = {isa = PBXFileReference; lastKnownFileType = text.plist.xml; path = Info.plist; sourceTree = "<group>"; };
		43BB7A9C20AA067300B72774 /* iosmvi.framework */ = {isa = PBXFileReference; explicitFileType = wrapper.framework; path = iosmvi.framework; sourceTree = BUILT_PRODUCTS_DIR; };
		43BB7AAA20AA069900B72774 /* ScreenOne.xib */ = {isa = PBXFileReference; lastKnownFileType = file.xib; path = ScreenOne.xib; sourceTree = "<group>"; };
		43BB7AAC20AA075B00B72774 /* ScreenTwoVC.swift */ = {isa = PBXFileReference; lastKnownFileType = sourcecode.swift; path = ScreenTwoVC.swift; sourceTree = "<group>"; };
		43BB7AAE20AA077A00B72774 /* ScreenTwo.xib */ = {isa = PBXFileReference; lastKnownFileType = file.xib; path = ScreenTwo.xib; sourceTree = "<group>"; };
		43E8DF0F20AA043800D1B49F /* iosmvi.framework */ = {isa = PBXFileReference; explicitFileType = wrapper.framework; path = iosmvi.framework; sourceTree = BUILT_PRODUCTS_DIR; };
		43E8DF1120AA04D200D1B49F /* iosmvi.framework */ = {isa = PBXFileReference; explicitFileType = wrapper.framework; path = iosmvi.framework; sourceTree = BUILT_PRODUCTS_DIR; };
		603F9350940A836199E77B2F /* Pods-demo.release.xcconfig */ = {isa = PBXFileReference; includeInIndex = 1; lastKnownFileType = text.xcconfig; name = "Pods-demo.release.xcconfig"; path = "../Pods/Target Support Files/Pods-demo/Pods-demo.release.xcconfig"; sourceTree = "<group>"; };
		C4FE941A31E9A1E173091718 /* Pods_demo.framework */ = {isa = PBXFileReference; explicitFileType = wrapper.framework; includeInIndex = 0; path = Pods_demo.framework; sourceTree = BUILT_PRODUCTS_DIR; };
/* End PBXFileReference section */

/* Begin PBXFrameworksBuildPhase section */
		4364487F20A9FF5800D7F874 /* Frameworks */ = {
			isa = PBXFrameworksBuildPhase;
			buildActionMask = 2147483647;
			files = (
				43BB7A9D20AA067300B72774 /* iosmvi.framework in Frameworks */,
				5AECE5D80AA3483585DBC56B /* Pods_demo.framework in Frameworks */,
			);
			runOnlyForDeploymentPostprocessing = 0;
		};
/* End PBXFrameworksBuildPhase section */

/* Begin PBXGroup section */
		4303558420AA007E00C4B282 /* Frameworks */ = {
			isa = PBXGroup;
			children = (
				43BB7A9C20AA067300B72774 /* iosmvi.framework */,
				43E8DF1120AA04D200D1B49F /* iosmvi.framework */,
				43E8DF0F20AA043800D1B49F /* iosmvi.framework */,
				4303558520AA007E00C4B282 /* iosmvi.framework */,
				C4FE941A31E9A1E173091718 /* Pods_demo.framework */,
			);
			name = Frameworks;
			sourceTree = "<group>";
		};
		4364487920A9FF5800D7F874 = {
			isa = PBXGroup;
			children = (
				4364488420A9FF5800D7F874 /* demo */,
				4364488320A9FF5800D7F874 /* Products */,
				4303558420AA007E00C4B282 /* Frameworks */,
				B3EEDA4DB21A959D6C6F1A54 /* Pods */,
			);
			sourceTree = "<group>";
		};
		4364488320A9FF5800D7F874 /* Products */ = {
			isa = PBXGroup;
			children = (
				4364488220A9FF5800D7F874 /* demo.app */,
			);
			name = Products;
			sourceTree = "<group>";
		};
		4364488420A9FF5800D7F874 /* demo */ = {
			isa = PBXGroup;
			children = (
				4364488520A9FF5800D7F874 /* AppDelegate.swift */,
				4364488720A9FF5800D7F874 /* ScreenOneVC.swift */,
				4364488C20A9FF5800D7F874 /* Assets.xcassets */,
				4364488E20A9FF5800D7F874 /* LaunchScreen.storyboard */,
				4364489120A9FF5800D7F874 /* Info.plist */,
				43BB7AAA20AA069900B72774 /* ScreenOne.xib */,
				43BB7AAC20AA075B00B72774 /* ScreenTwoVC.swift */,
				43BB7AAE20AA077A00B72774 /* ScreenTwo.xib */,
			);
			path = demo;
			sourceTree = "<group>";
		};
		B3EEDA4DB21A959D6C6F1A54 /* Pods */ = {
			isa = PBXGroup;
			children = (
				27F4625DC87E4FA1EB6ADB03 /* Pods-demo.debug.xcconfig */,
				603F9350940A836199E77B2F /* Pods-demo.release.xcconfig */,
			);
			name = Pods;
			sourceTree = "<group>";
		};
/* End PBXGroup section */

/* Begin PBXNativeTarget section */
		4364488120A9FF5800D7F874 /* demo */ = {
			isa = PBXNativeTarget;
			buildConfigurationList = 4364489420A9FF5800D7F874 /* Build configuration list for PBXNativeTarget "demo" */;
			buildPhases = (
				D45BC3CEB585130A962F6F1E /* [CP] Check Pods Manifest.lock */,
				4364487E20A9FF5800D7F874 /* Sources */,
				4364487F20A9FF5800D7F874 /* Frameworks */,
				4364488020A9FF5800D7F874 /* Resources */,
				AF22305809CF6C49C807AD35 /* [CP] Embed Pods Frameworks */,
			);
			buildRules = (
			);
			dependencies = (
			);
			name = demo;
			productName = demo;
			productReference = 4364488220A9FF5800D7F874 /* demo.app */;
			productType = "com.apple.product-type.application";
		};
/* End PBXNativeTarget section */

/* Begin PBXProject section */
		4364487A20A9FF5800D7F874 /* Project object */ = {
			isa = PBXProject;
			attributes = {
				LastSwiftUpdateCheck = 0930;
				LastUpgradeCheck = 0930;
				ORGANIZATIONNAME = "Alexey Kuropiantnyk";
				TargetAttributes = {
					4364488120A9FF5800D7F874 = {
						CreatedOnToolsVersion = 9.3;
					};
				};
			};
			buildConfigurationList = 4364487D20A9FF5800D7F874 /* Build configuration list for PBXProject "demo" */;
			compatibilityVersion = "Xcode 9.3";
			developmentRegion = en;
			hasScannedForEncodings = 0;
			knownRegions = (
				en,
				Base,
			);
			mainGroup = 4364487920A9FF5800D7F874;
			productRefGroup = 4364488320A9FF5800D7F874 /* Products */;
			projectDirPath = "";
			projectRoot = "";
			targets = (
				4364488120A9FF5800D7F874 /* demo */,
			);
		};
/* End PBXProject section */

/* Begin PBXResourcesBuildPhase section */
		4364488020A9FF5800D7F874 /* Resources */ = {
			isa = PBXResourcesBuildPhase;
			buildActionMask = 2147483647;
			files = (
				43BB7AAF20AA077A00B72774 /* ScreenTwo.xib in Resources */,
				43BB7AAB20AA069900B72774 /* ScreenOne.xib in Resources */,
				4364489020A9FF5800D7F874 /* LaunchScreen.storyboard in Resources */,
				4364488D20A9FF5800D7F874 /* Assets.xcassets in Resources */,
			);
			runOnlyForDeploymentPostprocessing = 0;
		};
/* End PBXResourcesBuildPhase section */

/* Begin PBXShellScriptBuildPhase section */
		AF22305809CF6C49C807AD35 /* [CP] Embed Pods Frameworks */ = {
			isa = PBXShellScriptBuildPhase;
			buildActionMask = 2147483647;
			files = (
			);
			inputPaths = (
				"${SRCROOT}/../Pods/Target Support Files/Pods-demo/Pods-demo-frameworks.sh",
				"${BUILT_PRODUCTS_DIR}/RxSwift/RxSwift.framework",
			);
			name = "[CP] Embed Pods Frameworks";
			outputPaths = (
				"${TARGET_BUILD_DIR}/${FRAMEWORKS_FOLDER_PATH}/RxSwift.framework",
			);
			runOnlyForDeploymentPostprocessing = 0;
			shellPath = /bin/sh;
			shellScript = "\"${SRCROOT}/../Pods/Target Support Files/Pods-demo/Pods-demo-frameworks.sh\"\n";
			showEnvVarsInLog = 0;
		};
		D45BC3CEB585130A962F6F1E /* [CP] Check Pods Manifest.lock */ = {
			isa = PBXShellScriptBuildPhase;
			buildActionMask = 2147483647;
			files = (
			);
			inputPaths = (
				"${PODS_PODFILE_DIR_PATH}/Podfile.lock",
				"${PODS_ROOT}/Manifest.lock",
			);
			name = "[CP] Check Pods Manifest.lock";
			outputPaths = (
				"$(DERIVED_FILE_DIR)/Pods-demo-checkManifestLockResult.txt",
			);
			runOnlyForDeploymentPostprocessing = 0;
			shellPath = /bin/sh;
			shellScript = "diff \"${PODS_PODFILE_DIR_PATH}/Podfile.lock\" \"${PODS_ROOT}/Manifest.lock\" > /dev/null\nif [ $? != 0 ] ; then\n    # print error to STDERR\n    echo \"error: The sandbox is not in sync with the Podfile.lock. Run 'pod install' or update your CocoaPods installation.\" >&2\n    exit 1\nfi\n# This output is used by Xcode 'outputs' to avoid re-running this script phase.\necho \"SUCCESS\" > \"${SCRIPT_OUTPUT_FILE_0}\"\n";
			showEnvVarsInLog = 0;
		};
/* End PBXShellScriptBuildPhase section */

/* Begin PBXSourcesBuildPhase section */
		4364487E20A9FF5800D7F874 /* Sources */ = {
			isa = PBXSourcesBuildPhase;
			buildActionMask = 2147483647;
			files = (
				4364488820A9FF5800D7F874 /* ScreenOneVC.swift in Sources */,
				43BB7AAD20AA075B00B72774 /* ScreenTwoVC.swift in Sources */,
				4364488620A9FF5800D7F874 /* AppDelegate.swift in Sources */,
			);
			runOnlyForDeploymentPostprocessing = 0;
		};
/* End PBXSourcesBuildPhase section */

/* Begin PBXVariantGroup section */
		4364488E20A9FF5800D7F874 /* LaunchScreen.storyboard */ = {
			isa = PBXVariantGroup;
			children = (
				4364488F20A9FF5800D7F874 /* Base */,
			);
			name = LaunchScreen.storyboard;
			sourceTree = "<group>";
		};
/* End PBXVariantGroup section */

/* Begin XCBuildConfiguration section */
		4364489220A9FF5800D7F874 /* Debug */ = {
			isa = XCBuildConfiguration;
			buildSettings = {
				ALWAYS_SEARCH_USER_PATHS = NO;
				CLANG_ANALYZER_NONNULL = YES;
				CLANG_ANALYZER_NUMBER_OBJECT_CONVERSION = YES_AGGRESSIVE;
				CLANG_CXX_LANGUAGE_STANDARD = "gnu++14";
				CLANG_CXX_LIBRARY = "libc++";
				CLANG_ENABLE_MODULES = YES;
				CLANG_ENABLE_OBJC_ARC = YES;
				CLANG_ENABLE_OBJC_WEAK = YES;
				CLANG_WARN_BLOCK_CAPTURE_AUTORELEASING = YES;
				CLANG_WARN_BOOL_CONVERSION = YES;
				CLANG_WARN_COMMA = YES;
				CLANG_WARN_CONSTANT_CONVERSION = YES;
				CLANG_WARN_DEPRECATED_OBJC_IMPLEMENTATIONS = YES;
				CLANG_WARN_DIRECT_OBJC_ISA_USAGE = YES_ERROR;
				CLANG_WARN_DOCUMENTATION_COMMENTS = YES;
				CLANG_WARN_EMPTY_BODY = YES;
				CLANG_WARN_ENUM_CONVERSION = YES;
				CLANG_WARN_INFINITE_RECURSION = YES;
				CLANG_WARN_INT_CONVERSION = YES;
				CLANG_WARN_NON_LITERAL_NULL_CONVERSION = YES;
				CLANG_WARN_OBJC_IMPLICIT_RETAIN_SELF = YES;
				CLANG_WARN_OBJC_LITERAL_CONVERSION = YES;
				CLANG_WARN_OBJC_ROOT_CLASS = YES_ERROR;
				CLANG_WARN_RANGE_LOOP_ANALYSIS = YES;
				CLANG_WARN_STRICT_PROTOTYPES = YES;
				CLANG_WARN_SUSPICIOUS_MOVE = YES;
				CLANG_WARN_UNGUARDED_AVAILABILITY = YES_AGGRESSIVE;
				CLANG_WARN_UNREACHABLE_CODE = YES;
				CLANG_WARN__DUPLICATE_METHOD_MATCH = YES;
				CODE_SIGN_IDENTITY = "iPhone Developer";
				COPY_PHASE_STRIP = NO;
				DEBUG_INFORMATION_FORMAT = dwarf;
				ENABLE_STRICT_OBJC_MSGSEND = YES;
				ENABLE_TESTABILITY = YES;
				GCC_C_LANGUAGE_STANDARD = gnu11;
				GCC_DYNAMIC_NO_PIC = NO;
				GCC_NO_COMMON_BLOCKS = YES;
				GCC_OPTIMIZATION_LEVEL = 0;
				GCC_PREPROCESSOR_DEFINITIONS = (
					"DEBUG=1",
					"$(inherited)",
				);
				GCC_WARN_64_TO_32_BIT_CONVERSION = YES;
				GCC_WARN_ABOUT_RETURN_TYPE = YES_ERROR;
				GCC_WARN_UNDECLARED_SELECTOR = YES;
				GCC_WARN_UNINITIALIZED_AUTOS = YES_AGGRESSIVE;
				GCC_WARN_UNUSED_FUNCTION = YES;
				GCC_WARN_UNUSED_VARIABLE = YES;
				IPHONEOS_DEPLOYMENT_TARGET = 10.0;
				MTL_ENABLE_DEBUG_INFO = YES;
				ONLY_ACTIVE_ARCH = YES;
				SDKROOT = iphoneos;
				SWIFT_ACTIVE_COMPILATION_CONDITIONS = DEBUG;
				SWIFT_OPTIMIZATION_LEVEL = "-Onone";
			};
			name = Debug;
		};
		4364489320A9FF5800D7F874 /* Release */ = {
			isa = XCBuildConfiguration;
			buildSettings = {
				ALWAYS_SEARCH_USER_PATHS = NO;
				CLANG_ANALYZER_NONNULL = YES;
				CLANG_ANALYZER_NUMBER_OBJECT_CONVERSION = YES_AGGRESSIVE;
				CLANG_CXX_LANGUAGE_STANDARD = "gnu++14";
				CLANG_CXX_LIBRARY = "libc++";
				CLANG_ENABLE_MODULES = YES;
				CLANG_ENABLE_OBJC_ARC = YES;
				CLANG_ENABLE_OBJC_WEAK = YES;
				CLANG_WARN_BLOCK_CAPTURE_AUTORELEASING = YES;
				CLANG_WARN_BOOL_CONVERSION = YES;
				CLANG_WARN_COMMA = YES;
				CLANG_WARN_CONSTANT_CONVERSION = YES;
				CLANG_WARN_DEPRECATED_OBJC_IMPLEMENTATIONS = YES;
				CLANG_WARN_DIRECT_OBJC_ISA_USAGE = YES_ERROR;
				CLANG_WARN_DOCUMENTATION_COMMENTS = YES;
				CLANG_WARN_EMPTY_BODY = YES;
				CLANG_WARN_ENUM_CONVERSION = YES;
				CLANG_WARN_INFINITE_RECURSION = YES;
				CLANG_WARN_INT_CONVERSION = YES;
				CLANG_WARN_NON_LITERAL_NULL_CONVERSION = YES;
				CLANG_WARN_OBJC_IMPLICIT_RETAIN_SELF = YES;
				CLANG_WARN_OBJC_LITERAL_CONVERSION = YES;
				CLANG_WARN_OBJC_ROOT_CLASS = YES_ERROR;
				CLANG_WARN_RANGE_LOOP_ANALYSIS = YES;
				CLANG_WARN_STRICT_PROTOTYPES = YES;
				CLANG_WARN_SUSPICIOUS_MOVE = YES;
				CLANG_WARN_UNGUARDED_AVAILABILITY = YES_AGGRESSIVE;
				CLANG_WARN_UNREACHABLE_CODE = YES;
				CLANG_WARN__DUPLICATE_METHOD_MATCH = YES;
				CODE_SIGN_IDENTITY = "iPhone Developer";
				COPY_PHASE_STRIP = NO;
				DEBUG_INFORMATION_FORMAT = "dwarf-with-dsym";
				ENABLE_NS_ASSERTIONS = NO;
				ENABLE_STRICT_OBJC_MSGSEND = YES;
				GCC_C_LANGUAGE_STANDARD = gnu11;
				GCC_NO_COMMON_BLOCKS = YES;
				GCC_WARN_64_TO_32_BIT_CONVERSION = YES;
				GCC_WARN_ABOUT_RETURN_TYPE = YES_ERROR;
				GCC_WARN_UNDECLARED_SELECTOR = YES;
				GCC_WARN_UNINITIALIZED_AUTOS = YES_AGGRESSIVE;
				GCC_WARN_UNUSED_FUNCTION = YES;
				GCC_WARN_UNUSED_VARIABLE = YES;
				IPHONEOS_DEPLOYMENT_TARGET = 10.0;
				MTL_ENABLE_DEBUG_INFO = NO;
				SDKROOT = iphoneos;
				SWIFT_COMPILATION_MODE = wholemodule;
				SWIFT_OPTIMIZATION_LEVEL = "-O";
				VALIDATE_PRODUCT = YES;
			};
			name = Release;
		};
		4364489520A9FF5800D7F874 /* Debug */ = {
			isa = XCBuildConfiguration;
			baseConfigurationReference = 27F4625DC87E4FA1EB6ADB03 /* Pods-demo.debug.xcconfig */;
			buildSettings = {
				ASSETCATALOG_COMPILER_APPICON_NAME = AppIcon;
				CODE_SIGN_STYLE = Automatic;
				DEVELOPMENT_TEAM = N79L55A7SB;
				INFOPLIST_FILE = demo/Info.plist;
				IPHONEOS_DEPLOYMENT_TARGET = 10.0;
				LD_RUNPATH_SEARCH_PATHS = (
					"$(inherited)",
					"@executable_path/Frameworks",
				);
				PRODUCT_BUNDLE_IDENTIFIER = com.alexkurop.demo;
				PRODUCT_NAME = "$(TARGET_NAME)";
				SWIFT_VERSION = 4.0;
				TARGETED_DEVICE_FAMILY = "1,2";
			};
			name = Debug;
		};
		4364489620A9FF5800D7F874 /* Release */ = {
			isa = XCBuildConfiguration;
			baseConfigurationReference = 603F9350940A836199E77B2F /* Pods-demo.release.xcconfig */;
			buildSettings = {
				ASSETCATALOG_COMPILER_APPICON_NAME = AppIcon;
				CODE_SIGN_STYLE = Automatic;
				DEVELOPMENT_TEAM = N79L55A7SB;
				INFOPLIST_FILE = demo/Info.plist;
				IPHONEOS_DEPLOYMENT_TARGET = 10.0;
				LD_RUNPATH_SEARCH_PATHS = (
					"$(inherited)",
					"@executable_path/Frameworks",
				);
				PRODUCT_BUNDLE_IDENTIFIER = com.alexkurop.demo;
				PRODUCT_NAME = "$(TARGET_NAME)";
				SWIFT_VERSION = 4.0;
				TARGETED_DEVICE_FAMILY = "1,2";
			};
			name = Release;
		};
/* End XCBuildConfiguration section */

/* Begin XCConfigurationList section */
		4364487D20A9FF5800D7F874 /* Build configuration list for PBXProject "demo" */ = {
			isa = XCConfigurationList;
			buildConfigurations = (
				4364489220A9FF5800D7F874 /* Debug */,
				4364489320A9FF5800D7F874 /* Release */,
			);
			defaultConfigurationIsVisible = 0;
			defaultConfigurationName = Release;
		};
		4364489420A9FF5800D7F874 /* Build configuration list for PBXNativeTarget "demo" */ = {
			isa = XCConfigurationList;
			buildConfigurations = (
				4364489520A9FF5800D7F874 /* Debug */,
				4364489620A9FF5800D7F874 /* Release */,
			);
			defaultConfigurationIsVisible = 0;
			defaultConfigurationName = Release;
		};
/* End XCConfigurationList section */
	};
	rootObject = 4364487A20A9FF5800D7F874 /* Project object */;
}
